
Microsoft Visual Studio Solution File, Format Version 12.00
# Visual Studio Version 17
VisualStudioVersion = 17.0.31903.59
MinimumVisualStudioVersion = 10.0.40219.1
Project("{2150E333-8FDC-42A3-9474-1A3956D46DE8}") = "core", "core", "{FBF56CC3-7AE6-AD2D-3F14-7F97FD322CD6}"
EndProject
Project("{FAE04EC0-301F-11D3-BF4B-00C04F79EFBC}") = "BattleHunter.Core", "core\BattleHunter.Core.csproj", "{36CD1016-5DC9-44D7-81A7-9008EA5C6CEB}"
EndProject
Project("{FAE04EC0-301F-11D3-BF4B-00C04F79EFBC}") = "BattleHunter.Core.Tests", "core.tests\BattleHunter.Core.Tests.csproj", "{4C22E428-4D1B-4A65-913B-D08BDF0DFF87}"
EndProject
Project("{FAE04EC0-301F-11D3-BF4B-00C04F79EFBC}") = "BattleHunter.Server", "server\BattleHunter.Server.csproj", "{666BF021-757B-4011-BE73-2AF7D98B6EB5}"
EndProject
Global
	GlobalSection(SolutionConfigurationPlatforms) = preSolution
		Debug|Any CPU = Debug|Any CPU
		Debug|x64 = Debug|x64
		Debug|x86 = Debug|x86
		Release|Any CPU = Release|Any CPU
		Release|x64 = Release|x64
		Release|x86 = Release|x86
	EndGlobalSection
	GlobalSection(ProjectConfigurationPlatforms) = postSolution
		{36CD1016-5DC9-44D7-81A7-9008EA5C6CEB}.Debug|Any CPU.ActiveCfg = Debug|Any CPU
		{36CD1016-5DC9-44D7-81A7-9008EA5C6CEB}.Debug|Any CPU.Build.0 = Debug|Any CPU
		{36CD1016-5DC9-44D7-81A7-9008EA5C6CEB}.Debug|x64.ActiveCfg = Debug|Any CPU
		{36CD1016-5DC9-44D7-81A7-9008EA5C6CEB}.Debug|x64.Build.0 = Debug|Any CPU
		{36CD1016-5DC9-44D7-81A7-9008EA5C6CEB}.Debug|x86.ActiveCfg = Debug|Any CPU
		{36CD1016-5DC9-44D7-81A7-9008EA5C6CEB}.Debug|x86.Build.0 = Debug|Any CPU
		{36CD1016-5DC9-44D7-81A7-9008EA5C6CEB}.Release|Any CPU.ActiveCfg = Release|Any CPU
		{36CD1016-5DC9-44D7-81A7-9008EA5C6CEB}.Release|Any CPU.Build.0 = Release|Any CPU
		{36CD1016-5DC9-44D7-81A7-9008EA5C6CEB}.Release|x64.ActiveCfg = Release|Any CPU
		{36CD1016-5DC9-44D7-81A7-9008EA5C6CEB}.Release|x64.Build.0 = Release|Any CPU
		{36CD1016-5DC9-44D7-81A7-9008EA5C6CEB}.Release|x86.ActiveCfg = Release|Any CPU
		{36CD1016-5DC9-44D7-81A7-9008EA5C6CEB}.Release|x86.Build.0 = Release|Any CPU
		{4C22E428-4D1B-4A65-913B-D08BDF0DFF87}.Debug|Any CPU.ActiveCfg = Debug|Any CPU
		{4C22E428-4D1B-4A65-913B-D08BDF0DFF87}.Debug|Any CPU.Build.0 = Debug|Any CPU
		{4C22E428-4D1B-4A65-913B-D08BDF0DFF87}.Debug|x64.ActiveCfg = Debug|Any CPU
		{4C22E428-4D1B-4A65-913B-D08BDF0DFF87}.Debug|x64.Build.0 = Debug|Any CPU
		{4C22E428-4D1B-4A65-913B-D08BDF0DFF87}.Debug|x86.ActiveCfg = Debug|Any CPU
		{4C22E428-4D1B-4A65-913B-D08BDF0DFF87}.Debug|x86.Build.0 = Debug|Any CPU
		{4C22E428-4D1B-4A65-913B-D08BDF0DFF87}.Release|Any CPU.ActiveCfg = Release|Any CPU
		{4C22E428-4D1B-4A65-913B-D08BDF0DFF87}.Release|Any CPU.Build.0 = Release|Any CPU
		{4C22E428-4D1B-4A65-913B-D08BDF0DFF87}.Release|x64.ActiveCfg = Release|Any CPU
		{4C22E428-4D1B-4A65-913B-D08BDF0DFF87}.Release|x64.Build.0 = Release|Any CPU
		{4C22E428-4D1B-4A65-913B-D08BDF0DFF87}.Release|x86.ActiveCfg = Release|Any CPU
		{4C22E428-4D1B-4A65-913B-D08BDF0DFF87}.Release|x86.Build.0 = Release|Any CPU
		{666BF021-757B-4011-BE73-2AF7D98B6EB5}.Debug|Any CPU.ActiveCfg = Debug|Any CPU
		{666BF021-757B-4011-BE73-2AF7D98B6EB5}.Debug|Any CPU.Build.0 = Debug|Any CPU
		{666BF021-757B-4011-BE73-2AF7D98B6EB5}.Debug|x64.ActiveCfg = Debug|Any CPU
		{666BF021-757B-4011-BE73-2AF7D98B6EB5}.Debug|x64.Build.0 = Debug|Any CPU
		{666BF021-757B-4011-BE73-2AF7D98B6EB5}.Debug|x86.ActiveCfg = Debug|Any CPU
		{666BF021-757B-4011-BE73-2AF7D98B6EB5}.Debug|x86.Build.0 = Debug|Any CPU
		{666BF021-757B-4011-BE73-2AF7D98B6EB5}.Release|Any CPU.ActiveCfg = Release|Any CPU
		{666BF021-757B-4011-BE73-2AF7D98B6EB5}.Release|Any CPU.Build.0 = Release|Any CPU
		{666BF021-757B-4011-BE73-2AF7D98B6EB5}.Release|x64.ActiveCfg = Release|Any CPU
		{666BF021-757B-4011-BE73-2AF7D98B6EB5}.Release|x64.Build.0 = Release|Any CPU
		{666BF021-757B-4011-BE73-2AF7D98B6EB5}.Release|x86.ActiveCfg = Release|Any CPU
		{666BF021-757B-4011-BE73-2AF7D98B6EB5}.Release|x86.Build.0 = Release|Any CPU
	EndGlobalSection
	GlobalSection(SolutionProperties) = preSolution
		HideSolutionNode = FALSE
	EndGlobalSection
	GlobalSection(NestedProjects) = preSolution
		{36CD1016-5DC9-44D7-81A7-9008EA5C6CEB} = {FBF56CC3-7AE6-AD2D-3F14-7F97FD322CD6}
		{4C22E428-4D1B-4A65-913B-D08BDF0DFF87} = {FBF56CC3-7AE6-AD2D-3F14-7F97FD322CD6}
		{666BF021-757B-4011-BE73-2AF7D98B6EB5} = {FBF56CC3-7AE6-AD2D-3F14-7F97FD322CD6}
	EndGlobalSection
EndGlobal
